
Microsoft Visual Studio Solution File, Format Version 12.00
# Visual Studio Version 17
VisualStudioVersion = 17.4.33110.190
MinimumVisualStudioVersion = 10.0.40219.1
Project("{FAE04EC0-301F-11D3-BF4B-00C04F79EFBC}") = "HomeworkBlog", "HomeworkBlog\HomeworkBlog.csproj", "{97E23AA4-88EE-4DC9-ADFD-B37C91FFBE0E}"
EndProject
Global
	GlobalSection(SolutionConfigurationPlatforms) = preSolution
		Debug|Any CPU = Debug|Any CPU
		Release|Any CPU = Release|Any CPU
	EndGlobalSection
	GlobalSection(ProjectConfigurationPlatforms) = postSolution
		{97E23AA4-88EE-4DC9-ADFD-B37C91FFBE0E}.Debug|Any CPU.ActiveCfg = Debug|Any CPU
		{97E23AA4-88EE-4DC9-ADFD-B37C91FFBE0E}.Debug|Any CPU.Build.0 = Debug|Any CPU
		{97E23AA4-88EE-4DC9-ADFD-B37C91FFBE0E}.Release|Any CPU.ActiveCfg = Release|Any CPU
		{97E23AA4-88EE-4DC9-ADFD-B37C91FFBE0E}.Release|Any CPU.Build.0 = Release|Any CPU
	EndGlobalSection
	GlobalSection(SolutionProperties) = preSolution
		HideSolutionNode = FALSE
	EndGlobalSection
	GlobalSection(ExtensibilityGlobals) = postSolution
		SolutionGuid = {290C04F3-A28F-4334-9468-9B4C18D7B2BA}
	EndGlobalSection
EndGlobal
